PODS:
  - Kingfisher (7.2.2)
  - SwiftyJSON (5.0.1)

DEPENDENCIES:
  - Kingfisher
  - SwiftyJSON

SPEC REPOS:
  trunk:
    - Kingfisher
    - SwiftyJSON

SPEC CHECKSUMS:
  Kingfisher: 184d4d1a8c36666e663caf8e08abe87898595c53
  SwiftyJSON: 2f33a42c6fbc52764d96f13368585094bfd8aa5e

PODFILE CHECKSUM: 6c0cbde082d73aec08af454d83cad522fa246e1d

COCOAPODS: 1.11.3
